# This file was autogenerated by Stack.
# You should not edit this file by hand.
# For more information, please see the documentation at:
#   https://docs.haskellstack.org/en/stable/lock_files

packages: []
snapshots:
- completed:
    sha256: 123e08163ba4f33a9f3346b6b6e9c3bc2528e679c8a40efef033423605ff5b4a
    size: 655550
    url: https://raw.githubusercontent.com/commercialhaskell/stackage-snapshots/master/nightly/2024/7/17.yaml
  original: nightly-2024-07-17
